
Microsoft Visual Studio Solution File, Format Version 12.00
# Visual Studio Version 17
VisualStudioVersion = 17.9.34622.214
MinimumVisualStudioVersion = 10.0.40219.1
Project("{9A19103F-16F7-4668-BE54-9A1E7A4F7556}") = "Book Displayer", "Book Displayer.csproj", "{AB351C53-4147-4FC2-8B0D-CC2FCCDBB4FF}"
EndProject
Global
	GlobalSection(SolutionConfigurationPlatforms) = preSolution
		Debug|Any CPU = Debug|Any CPU
		Release|Any CPU = Release|Any CPU
	EndGlobalSection
	GlobalSection(ProjectConfigurationPlatforms) = postSolution
		{AB351C53-4147-4FC2-8B0D-CC2FCCDBB4FF}.Debug|Any CPU.ActiveCfg = Debug|Any CPU
		{AB351C53-4147-4FC2-8B0D-CC2FCCDBB4FF}.Debug|Any CPU.Build.0 = Debug|Any CPU
		{AB351C53-4147-4FC2-8B0D-CC2FCCDBB4FF}.Release|Any CPU.ActiveCfg = Release|Any CPU
		{AB351C53-4147-4FC2-8B0D-CC2FCCDBB4FF}.Release|Any CPU.Build.0 = Release|Any CPU
	EndGlobalSection
	GlobalSection(SolutionProperties) = preSolution
		HideSolutionNode = FALSE
	EndGlobalSection
	GlobalSection(ExtensibilityGlobals) = postSolution
		SolutionGuid = {0FD105D2-FE11-445D-B25E-BF6AD6B7C774}
	EndGlobalSection
EndGlobal
